// !$*UTF8*$!
{
	archiveVersion = 1;
	classes = {
	};
	objectVersion = 50;
	objects = {

/* Begin PBXBuildFile section */
		3F220795208EB25800C95E3A /* main.cpp in Sources */ = {isa = PBXBuildFile; fileRef = 3F220794208EB25800C95E3A /* main.cpp */; };
		3F22079D208EB2C200C95E3A /* board.cpp in Sources */ = {isa = PBXBuildFile; fileRef = 3F22079B208EB2C200C95E3A /* board.cpp */; };
		3F2207A0208EB41800C95E3A /* Piece.cpp in Sources */ = {isa = PBXBuildFile; fileRef = 3F22079E208EB41800C95E3A /* Piece.cpp */; };
		3F2207A4208EB95000C95E3A /* pawn.cpp in Sources */ = {isa = PBXBuildFile; fileRef = 3F2207A2208EB95000C95E3A /* pawn.cpp */; };
		3F2207A7208F777C00C95E3A /* knight.cpp in Sources */ = {isa = PBXBuildFile; fileRef = 3F2207A5208F777C00C95E3A /* knight.cpp */; };
		3F2207AA208F778600C95E3A /* bishop.cpp in Sources */ = {isa = PBXBuildFile; fileRef = 3F2207A8208F778600C95E3A /* bishop.cpp */; };
		3F2207AD208F779D00C95E3A /* rook.cpp in Sources */ = {isa = PBXBuildFile; fileRef = 3F2207AB208F779D00C95E3A /* rook.cpp */; };
		3F2207B0208F77AD00C95E3A /* queen.cpp in Sources */ = {isa = PBXBuildFile; fileRef = 3F2207AE208F77AD00C95E3A /* queen.cpp */; };
		3F2207B3208F77B600C95E3A /* king.cpp in Sources */ = {isa = PBXBuildFile; fileRef = 3F2207B1208F77B600C95E3A /* king.cpp */; };
/* End PBXBuildFile section */

/* Begin PBXCopyFilesBuildPhase section */
		3F22078F208EB25800C95E3A /* CopyFiles */ = {
			isa = PBXCopyFilesBuildPhase;
			buildActionMask = 2147483647;
			dstPath = /usr/share/man/man1/;
			dstSubfolderSpec = 0;
			files = (
			);
			runOnlyForDeploymentPostprocessing = 1;
		};
/* End PBXCopyFilesBuildPhase section */

/* Begin PBXFileReference section */
		3F220791208EB25800C95E3A /* Chess */ = {isa = PBXFileReference; explicitFileType = "compiled.mach-o.executable"; includeInIndex = 0; path = Chess; sourceTree = BUILT_PRODUCTS_DIR; };
		3F220794208EB25800C95E3A /* main.cpp */ = {isa = PBXFileReference; lastKnownFileType = sourcecode.cpp.cpp; path = main.cpp; sourceTree = "<group>"; };
		3F22079B208EB2C200C95E3A /* board.cpp */ = {isa = PBXFileReference; lastKnownFileType = sourcecode.cpp.cpp; path = board.cpp; sourceTree = "<group>"; };
		3F22079C208EB2C200C95E3A /* board.hpp */ = {isa = PBXFileReference; lastKnownFileType = sourcecode.cpp.h; path = board.hpp; sourceTree = "<group>"; };
		3F22079E208EB41800C95E3A /* Piece.cpp */ = {isa = PBXFileReference; lastKnownFileType = sourcecode.cpp.cpp; path = Piece.cpp; sourceTree = "<group>"; };
		3F22079F208EB41800C95E3A /* Piece.hpp */ = {isa = PBXFileReference; lastKnownFileType = sourcecode.cpp.h; path = Piece.hpp; sourceTree = "<group>"; };
		3F2207A2208EB95000C95E3A /* pawn.cpp */ = {isa = PBXFileReference; lastKnownFileType = sourcecode.cpp.cpp; path = pawn.cpp; sourceTree = "<group>"; };
		3F2207A3208EB95000C95E3A /* pawn.hpp */ = {isa = PBXFileReference; lastKnownFileType = sourcecode.cpp.h; path = pawn.hpp; sourceTree = "<group>"; };
		3F2207A5208F777C00C95E3A /* knight.cpp */ = {isa = PBXFileReference; lastKnownFileType = sourcecode.cpp.cpp; path = knight.cpp; sourceTree = "<group>"; };
		3F2207A6208F777C00C95E3A /* knight.hpp */ = {isa = PBXFileReference; lastKnownFileType = sourcecode.cpp.h; path = knight.hpp; sourceTree = "<group>"; };
		3F2207A8208F778600C95E3A /* bishop.cpp */ = {isa = PBXFileReference; lastKnownFileType = sourcecode.cpp.cpp; path = bishop.cpp; sourceTree = "<group>"; };
		3F2207A9208F778600C95E3A /* bishop.hpp */ = {isa = PBXFileReference; lastKnownFileType = sourcecode.cpp.h; path = bishop.hpp; sourceTree = "<group>"; };
		3F2207AB208F779D00C95E3A /* rook.cpp */ = {isa = PBXFileReference; lastKnownFileType = sourcecode.cpp.cpp; path = rook.cpp; sourceTree = "<group>"; };
		3F2207AC208F779D00C95E3A /* rook.hpp */ = {isa = PBXFileReference; lastKnownFileType = sourcecode.cpp.h; path = rook.hpp; sourceTree = "<group>"; };
		3F2207AE208F77AD00C95E3A /* queen.cpp */ = {isa = PBXFileReference; lastKnownFileType = sourcecode.cpp.cpp; path = queen.cpp; sourceTree = "<group>"; };
		3F2207AF208F77AD00C95E3A /* queen.hpp */ = {isa = PBXFileReference; lastKnownFileType = sourcecode.cpp.h; path = queen.hpp; sourceTree = "<group>"; };
		3F2207B1208F77B600C95E3A /* king.cpp */ = {isa = PBXFileReference; lastKnownFileType = sourcecode.cpp.cpp; path = king.cpp; sourceTree = "<group>"; };
		3F2207B2208F77B600C95E3A /* king.hpp */ = {isa = PBXFileReference; lastKnownFileType = sourcecode.cpp.h; path = king.hpp; sourceTree = "<group>"; };
/* End PBXFileReference section */

/* Begin PBXFrameworksBuildPhase section */
		3F22078E208EB25800C95E3A /* Frameworks */ = {
			isa = PBXFrameworksBuildPhase;
			buildActionMask = 2147483647;
			files = (
			);
			runOnlyForDeploymentPostprocessing = 0;
		};
/* End PBXFrameworksBuildPhase section */

/* Begin PBXGroup section */
		3F220788208EB25800C95E3A = {
			isa = PBXGroup;
			children = (
				3F220793208EB25800C95E3A /* Chess */,
				3F220792208EB25800C95E3A /* Products */,
			);
			sourceTree = "<group>";
		};
		3F220792208EB25800C95E3A /* Products */ = {
			isa = PBXGroup;
			children = (
				3F220791208EB25800C95E3A /* Chess */,
			);
			name = Products;
			sourceTree = "<group>";
		};
		3F220793208EB25800C95E3A /* Chess */ = {
			isa = PBXGroup;
			children = (
				3F2207A1208EB94600C95E3A /* pieces */,
				3F220794208EB25800C95E3A /* main.cpp */,
				3F22079B208EB2C200C95E3A /* board.cpp */,
				3F22079C208EB2C200C95E3A /* board.hpp */,
				3F22079E208EB41800C95E3A /* Piece.cpp */,
				3F22079F208EB41800C95E3A /* Piece.hpp */,
			);
			path = Chess;
			sourceTree = "<group>";
		};
		3F2207A1208EB94600C95E3A /* pieces */ = {
			isa = PBXGroup;
			children = (
				3F2207A2208EB95000C95E3A /* pawn.cpp */,
				3F2207A3208EB95000C95E3A /* pawn.hpp */,
				3F2207A5208F777C00C95E3A /* knight.cpp */,
				3F2207A6208F777C00C95E3A /* knight.hpp */,
				3F2207A8208F778600C95E3A /* bishop.cpp */,
				3F2207A9208F778600C95E3A /* bishop.hpp */,
				3F2207AB208F779D00C95E3A /* rook.cpp */,
				3F2207AC208F779D00C95E3A /* rook.hpp */,
				3F2207AE208F77AD00C95E3A /* queen.cpp */,
				3F2207AF208F77AD00C95E3A /* queen.hpp */,
				3F2207B1208F77B600C95E3A /* king.cpp */,
				3F2207B2208F77B600C95E3A /* king.hpp */,
			);
			path = pieces;
			sourceTree = "<group>";
		};
/* End PBXGroup section */

/* Begin PBXNativeTarget section */
		3F220790208EB25800C95E3A /* Chess */ = {
			isa = PBXNativeTarget;
			buildConfigurationList = 3F220798208EB25800C95E3A /* Build configuration list for PBXNativeTarget "Chess" */;
			buildPhases = (
				3F22078D208EB25800C95E3A /* Sources */,
				3F22078E208EB25800C95E3A /* Frameworks */,
				3F22078F208EB25800C95E3A /* CopyFiles */,
			);
			buildRules = (
			);
			dependencies = (
			);
			name = Chess;
			productName = Chess;
			productReference = 3F220791208EB25800C95E3A /* Chess */;
			productType = "com.apple.product-type.tool";
		};
/* End PBXNativeTarget section */

/* Begin PBXProject section */
		3F220789208EB25800C95E3A /* Project object */ = {
			isa = PBXProject;
			attributes = {
				LastUpgradeCheck = 0930;
				ORGANIZATIONNAME = "Jeffrey Briner";
				TargetAttributes = {
					3F220790208EB25800C95E3A = {
						CreatedOnToolsVersion = 9.3;
					};
				};
			};
			buildConfigurationList = 3F22078C208EB25800C95E3A /* Build configuration list for PBXProject "Chess" */;
			compatibilityVersion = "Xcode 9.3";
			developmentRegion = en;
			hasScannedForEncodings = 0;
			knownRegions = (
				en,
			);
			mainGroup = 3F220788208EB25800C95E3A;
			productRefGroup = 3F220792208EB25800C95E3A /* Products */;
			projectDirPath = "";
			projectRoot = "";
			targets = (
				3F220790208EB25800C95E3A /* Chess */,
			);
		};
/* End PBXProject section */

/* Begin PBXSourcesBuildPhase section */
		3F22078D208EB25800C95E3A /* Sources */ = {
			isa = PBXSourcesBuildPhase;
			buildActionMask = 2147483647;
			files = (
				3F2207B0208F77AD00C95E3A /* queen.cpp in Sources */,
				3F2207A0208EB41800C95E3A /* Piece.cpp in Sources */,
				3F2207B3208F77B600C95E3A /* king.cpp in Sources */,
				3F2207AD208F779D00C95E3A /* rook.cpp in Sources */,
				3F22079D208EB2C200C95E3A /* board.cpp in Sources */,
				3F220795208EB25800C95E3A /* main.cpp in Sources */,
				3F2207A4208EB95000C95E3A /* pawn.cpp in Sources */,
				3F2207AA208F778600C95E3A /* bishop.cpp in Sources */,
				3F2207A7208F777C00C95E3A /* knight.cpp in Sources */,
			);
			runOnlyForDeploymentPostprocessing = 0;
		};
/* End PBXSourcesBuildPhase section */

/* Begin XCBuildConfiguration section */
		3F220796208EB25800C95E3A /* Debug */ = {
			isa = XCBuildConfiguration;
			buildSettings = {
				ALWAYS_SEARCH_USER_PATHS = NO;
				CLANG_ANALYZER_NONNULL = YES;
				CLANG_ANALYZER_NUMBER_OBJECT_CONVERSION = YES_AGGRESSIVE;
				CLANG_CXX_LANGUAGE_STANDARD = "gnu++14";
				CLANG_CXX_LIBRARY = "libc++";
				CLANG_ENABLE_MODULES = YES;
				CLANG_ENABLE_OBJC_ARC = YES;
				CLANG_ENABLE_OBJC_WEAK = YES;
				CLANG_WARN_BLOCK_CAPTURE_AUTORELEASING = YES;
				CLANG_WARN_BOOL_CONVERSION = YES;
				CLANG_WARN_COMMA = YES;
				CLANG_WARN_CONSTANT_CONVERSION = YES;
				CLANG_WARN_DEPRECATED_OBJC_IMPLEMENTATIONS = YES;
				CLANG_WARN_DIRECT_OBJC_ISA_USAGE = YES_ERROR;
				CLANG_WARN_DOCUMENTATION_COMMENTS = YES;
				CLANG_WARN_EMPTY_BODY = YES;
				CLANG_WARN_ENUM_CONVERSION = YES;
				CLANG_WARN_INFINITE_RECURSION = YES;
				CLANG_WARN_INT_CONVERSION = YES;
				CLANG_WARN_NON_LITERAL_NULL_CONVERSION = YES;
				CLANG_WARN_OBJC_IMPLICIT_RETAIN_SELF = YES;
				CLANG_WARN_OBJC_LITERAL_CONVERSION = YES;
				CLANG_WARN_OBJC_ROOT_CLASS = YES_ERROR;
				CLANG_WARN_RANGE_LOOP_ANALYSIS = YES;
				CLANG_WARN_STRICT_PROTOTYPES = YES;
				CLANG_WARN_SUSPICIOUS_MOVE = YES;
				CLANG_WARN_UNGUARDED_AVAILABILITY = YES_AGGRESSIVE;
				CLANG_WARN_UNREACHABLE_CODE = YES;
				CLANG_WARN__DUPLICATE_METHOD_MATCH = YES;
				CODE_SIGN_IDENTITY = "Mac Developer";
				COPY_PHASE_STRIP = NO;
				DEBUG_INFORMATION_FORMAT = dwarf;
				ENABLE_STRICT_OBJC_MSGSEND = YES;
				ENABLE_TESTABILITY = YES;
				GCC_C_LANGUAGE_STANDARD = gnu11;
				GCC_DYNAMIC_NO_PIC = NO;
				GCC_NO_COMMON_BLOCKS = YES;
				GCC_OPTIMIZATION_LEVEL = 0;
				GCC_PREPROCESSOR_DEFINITIONS = (
					"DEBUG=1",
					"$(inherited)",
				);
				GCC_WARN_64_TO_32_BIT_CONVERSION = YES;
				GCC_WARN_ABOUT_RETURN_TYPE = YES_ERROR;
				GCC_WARN_UNDECLARED_SELECTOR = YES;
				GCC_WARN_UNINITIALIZED_AUTOS = YES_AGGRESSIVE;
				GCC_WARN_UNUSED_FUNCTION = YES;
				GCC_WARN_UNUSED_VARIABLE = YES;
				MACOSX_DEPLOYMENT_TARGET = 10.13;
				MTL_ENABLE_DEBUG_INFO = YES;
				ONLY_ACTIVE_ARCH = YES;
				SDKROOT = macosx;
			};
			name = Debug;
		};
		3F220797208EB25800C95E3A /* Release */ = {
			isa = XCBuildConfiguration;
			buildSettings = {
				ALWAYS_SEARCH_USER_PATHS = NO;
				CLANG_ANALYZER_NONNULL = YES;
				CLANG_ANALYZER_NUMBER_OBJECT_CONVERSION = YES_AGGRESSIVE;
				CLANG_CXX_LANGUAGE_STANDARD = "gnu++14";
				CLANG_CXX_LIBRARY = "libc++";
				CLANG_ENABLE_MODULES = YES;
				CLANG_ENABLE_OBJC_ARC = YES;
				CLANG_ENABLE_OBJC_WEAK = YES;
				CLANG_WARN_BLOCK_CAPTURE_AUTORELEASING = YES;
				CLANG_WARN_BOOL_CONVERSION = YES;
				CLANG_WARN_COMMA = YES;
				CLANG_WARN_CONSTANT_CONVERSION = YES;
				CLANG_WARN_DEPRECATED_OBJC_IMPLEMENTATIONS = YES;
				CLANG_WARN_DIRECT_OBJC_ISA_USAGE = YES_ERROR;
				CLANG_WARN_DOCUMENTATION_COMMENTS = YES;
				CLANG_WARN_EMPTY_BODY = YES;
				CLANG_WARN_ENUM_CONVERSION = YES;
				CLANG_WARN_INFINITE_RECURSION = YES;
				CLANG_WARN_INT_CONVERSION = YES;
				CLANG_WARN_NON_LITERAL_NULL_CONVERSION = YES;
				CLANG_WARN_OBJC_IMPLICIT_RETAIN_SELF = YES;
				CLANG_WARN_OBJC_LITERAL_CONVERSION = YES;
				CLANG_WARN_OBJC_ROOT_CLASS = YES_ERROR;
				CLANG_WARN_RANGE_LOOP_ANALYSIS = YES;
				CLANG_WARN_STRICT_PROTOTYPES = YES;
				CLANG_WARN_SUSPICIOUS_MOVE = YES;
				CLANG_WARN_UNGUARDED_AVAILABILITY = YES_AGGRESSIVE;
				CLANG_WARN_UNREACHABLE_CODE = YES;
				CLANG_WARN__DUPLICATE_METHOD_MATCH = YES;
				CODE_SIGN_IDENTITY = "Mac Developer";
				COPY_PHASE_STRIP = NO;
				DEBUG_INFORMATION_FORMAT = "dwarf-with-dsym";
				ENABLE_NS_ASSERTIONS = NO;
				ENABLE_STRICT_OBJC_MSGSEND = YES;
				GCC_C_LANGUAGE_STANDARD = gnu11;
				GCC_NO_COMMON_BLOCKS = YES;
				GCC_WARN_64_TO_32_BIT_CONVERSION = YES;
				GCC_WARN_ABOUT_RETURN_TYPE = YES_ERROR;
				GCC_WARN_UNDECLARED_SELECTOR = YES;
				GCC_WARN_UNINITIALIZED_AUTOS = YES_AGGRESSIVE;
				GCC_WARN_UNUSED_FUNCTION = YES;
				GCC_WARN_UNUSED_VARIABLE = YES;
				MACOSX_DEPLOYMENT_TARGET = 10.13;
				MTL_ENABLE_DEBUG_INFO = NO;
				SDKROOT = macosx;
			};
			name = Release;
		};
		3F220799208EB25800C95E3A /* Debug */ = {
			isa = XCBuildConfiguration;
			buildSettings = {
				CODE_SIGN_STYLE = Automatic;
				DEVELOPMENT_TEAM = 2FDT75G5P7;
				PRODUCT_NAME = "$(TARGET_NAME)";
			};
			name = Debug;
		};
		3F22079A208EB25800C95E3A /* Release */ = {
			isa = XCBuildConfiguration;
			buildSettings = {
				CODE_SIGN_STYLE = Automatic;
				DEVELOPMENT_TEAM = 2FDT75G5P7;
				PRODUCT_NAME = "$(TARGET_NAME)";
			};
			name = Release;
		};
/* End XCBuildConfiguration section */

/* Begin XCConfigurationList section */
		3F22078C208EB25800C95E3A /* Build configuration list for PBXProject "Chess" */ = {
			isa = XCConfigurationList;
			buildConfigurations = (
				3F220796208EB25800C95E3A /* Debug */,
				3F220797208EB25800C95E3A /* Release */,
			);
			defaultConfigurationIsVisible = 0;
			defaultConfigurationName = Release;
		};
		3F220798208EB25800C95E3A /* Build configuration list for PBXNativeTarget "Chess" */ = {
			isa = XCConfigurationList;
			buildConfigurations = (
				3F220799208EB25800C95E3A /* Debug */,
				3F22079A208EB25800C95E3A /* Release */,
			);
			defaultConfigurationIsVisible = 0;
			defaultConfigurationName = Release;
		};
/* End XCConfigurationList section */
	};
	rootObject = 3F220789208EB25800C95E3A /* Project object */;
}
